
Microsoft Visual Studio Solution File, Format Version 12.00
# Visual Studio 14
VisualStudioVersion = 14.0.25420.1
MinimumVisualStudioVersion = 10.0.40219.1
Project("{FAE04EC0-301F-11D3-BF4B-00C04F79EFBC}") = "OperationsDef", "SubModule\Open\Def\OperationsDef\OperationsDef.csproj", "{678129F4-A45A-4234-94CF-D2D43109E005}"
EndProject
Project("{FAE04EC0-301F-11D3-BF4B-00C04F79EFBC}") = "OperationsImpl", "SubModule\Open\Impl\OperationsImpl\OperationsImpl.csproj", "{E280680B-309F-4C7E-B5C1-0DE17C831FE3}"
EndProject
Project("{2150E333-8FDC-42A3-9474-1A3956D46DE8}") = "Open", "Open", "{4C6EC93F-D527-45DA-9AF6-8D20B84D3FBC}"
EndProject
Project("{2150E333-8FDC-42A3-9474-1A3956D46DE8}") = "Closed", "Closed", "{D66B1205-D258-4AB2-B00E-E704EBD39D69}"
EndProject
Project("{FAE04EC0-301F-11D3-BF4B-00C04F79EFBC}") = "CalculatorDef", "Closed\Def\CalculatorDef\CalculatorDef.csproj", "{BCB2C6D7-F2EB-4125-BB91-656F46B03007}"
EndProject
Project("{FAE04EC0-301F-11D3-BF4B-00C04F79EFBC}") = "CalculatorImpl", "Closed\Impl\CalculatorImpl\CalculatorImpl.csproj", "{211D44F3-D276-4E78-9BB1-9FE0BFC0B700}"
EndProject
Global
	GlobalSection(SolutionConfigurationPlatforms) = preSolution
		Debug|Any CPU = Debug|Any CPU
		Release|Any CPU = Release|Any CPU
	EndGlobalSection
	GlobalSection(ProjectConfigurationPlatforms) = postSolution
		{678129F4-A45A-4234-94CF-D2D43109E005}.Debug|Any CPU.ActiveCfg = Debug|Any CPU
		{678129F4-A45A-4234-94CF-D2D43109E005}.Debug|Any CPU.Build.0 = Debug|Any CPU
		{678129F4-A45A-4234-94CF-D2D43109E005}.Release|Any CPU.ActiveCfg = Release|Any CPU
		{678129F4-A45A-4234-94CF-D2D43109E005}.Release|Any CPU.Build.0 = Release|Any CPU
		{E280680B-309F-4C7E-B5C1-0DE17C831FE3}.Debug|Any CPU.ActiveCfg = Debug|Any CPU
		{E280680B-309F-4C7E-B5C1-0DE17C831FE3}.Debug|Any CPU.Build.0 = Debug|Any CPU
		{E280680B-309F-4C7E-B5C1-0DE17C831FE3}.Release|Any CPU.ActiveCfg = Release|Any CPU
		{E280680B-309F-4C7E-B5C1-0DE17C831FE3}.Release|Any CPU.Build.0 = Release|Any CPU
		{BCB2C6D7-F2EB-4125-BB91-656F46B03007}.Debug|Any CPU.ActiveCfg = Debug|Any CPU
		{BCB2C6D7-F2EB-4125-BB91-656F46B03007}.Debug|Any CPU.Build.0 = Debug|Any CPU
		{BCB2C6D7-F2EB-4125-BB91-656F46B03007}.Release|Any CPU.ActiveCfg = Release|Any CPU
		{BCB2C6D7-F2EB-4125-BB91-656F46B03007}.Release|Any CPU.Build.0 = Release|Any CPU
		{211D44F3-D276-4E78-9BB1-9FE0BFC0B700}.Debug|Any CPU.ActiveCfg = Debug|Any CPU
		{211D44F3-D276-4E78-9BB1-9FE0BFC0B700}.Debug|Any CPU.Build.0 = Debug|Any CPU
		{211D44F3-D276-4E78-9BB1-9FE0BFC0B700}.Release|Any CPU.ActiveCfg = Release|Any CPU
		{211D44F3-D276-4E78-9BB1-9FE0BFC0B700}.Release|Any CPU.Build.0 = Release|Any CPU
	EndGlobalSection
	GlobalSection(SolutionProperties) = preSolution
		HideSolutionNode = FALSE
	EndGlobalSection
	GlobalSection(NestedProjects) = preSolution
		{678129F4-A45A-4234-94CF-D2D43109E005} = {4C6EC93F-D527-45DA-9AF6-8D20B84D3FBC}
		{E280680B-309F-4C7E-B5C1-0DE17C831FE3} = {4C6EC93F-D527-45DA-9AF6-8D20B84D3FBC}
		{BCB2C6D7-F2EB-4125-BB91-656F46B03007} = {D66B1205-D258-4AB2-B00E-E704EBD39D69}
		{211D44F3-D276-4E78-9BB1-9FE0BFC0B700} = {D66B1205-D258-4AB2-B00E-E704EBD39D69}
	EndGlobalSection
EndGlobal
